
Microsoft Visual Studio Solution File, Format Version 12.00
# Visual Studio Version 17
VisualStudioVersion = 17.4.33403.182
MinimumVisualStudioVersion = 10.0.40219.1
Project("{9A19103F-16F7-4668-BE54-9A1E7A4F7556}") = "TicketsLayer.MVC", "Day4_Layers\TicketsLayer.MVC.csproj", "{7E0D0A60-D838-4CAB-AC64-8EDCCEC0C989}"
EndProject
Project("{FAE04EC0-301F-11D3-BF4B-00C04F79EFBC}") = "TicketsLayer.DAL", "TicketsLayer.DAL\TicketsLayer.DAL.csproj", "{59413FFA-9C00-4A0B-9DF5-5E615598A718}"
EndProject
Project("{FAE04EC0-301F-11D3-BF4B-00C04F79EFBC}") = "TicketLayer.BL", "TicketLayer.BL\TicketLayer.BL.csproj", "{04001986-8320-4149-960E-A0CAE18786CB}"
EndProject
Global
	GlobalSection(SolutionConfigurationPlatforms) = preSolution
		Debug|Any CPU = Debug|Any CPU
		Release|Any CPU = Release|Any CPU
	EndGlobalSection
	GlobalSection(ProjectConfigurationPlatforms) = postSolution
		{7E0D0A60-D838-4CAB-AC64-8EDCCEC0C989}.Debug|Any CPU.ActiveCfg = Debug|Any CPU
		{7E0D0A60-D838-4CAB-AC64-8EDCCEC0C989}.Debug|Any CPU.Build.0 = Debug|Any CPU
		{7E0D0A60-D838-4CAB-AC64-8EDCCEC0C989}.Release|Any CPU.ActiveCfg = Release|Any CPU
		{7E0D0A60-D838-4CAB-AC64-8EDCCEC0C989}.Release|Any CPU.Build.0 = Release|Any CPU
		{59413FFA-9C00-4A0B-9DF5-5E615598A718}.Debug|Any CPU.ActiveCfg = Debug|Any CPU
		{59413FFA-9C00-4A0B-9DF5-5E615598A718}.Debug|Any CPU.Build.0 = Debug|Any CPU
		{59413FFA-9C00-4A0B-9DF5-5E615598A718}.Release|Any CPU.ActiveCfg = Release|Any CPU
		{59413FFA-9C00-4A0B-9DF5-5E615598A718}.Release|Any CPU.Build.0 = Release|Any CPU
		{04001986-8320-4149-960E-A0CAE18786CB}.Debug|Any CPU.ActiveCfg = Debug|Any CPU
		{04001986-8320-4149-960E-A0CAE18786CB}.Debug|Any CPU.Build.0 = Debug|Any CPU
		{04001986-8320-4149-960E-A0CAE18786CB}.Release|Any CPU.ActiveCfg = Release|Any CPU
		{04001986-8320-4149-960E-A0CAE18786CB}.Release|Any CPU.Build.0 = Release|Any CPU
	EndGlobalSection
	GlobalSection(SolutionProperties) = preSolution
		HideSolutionNode = FALSE
	EndGlobalSection
	GlobalSection(ExtensibilityGlobals) = postSolution
		SolutionGuid = {3F2569DB-AAD3-457C-8069-50597D57FA04}
	EndGlobalSection
EndGlobal
