
Microsoft Visual Studio Solution File, Format Version 12.00
# Visual Studio Version 17
VisualStudioVersion = 17.4.33403.182
MinimumVisualStudioVersion = 10.0.40219.1
Project("{FAE04EC0-301F-11D3-BF4B-00C04F79EFBC}") = "Day6Bonus", "Day6Bonus\Day6Bonus.csproj", "{73A68140-3F50-4D49-AF17-8E9D8BFCF070}"
EndProject
Global
	GlobalSection(SolutionConfigurationPlatforms) = preSolution
		Debug|Any CPU = Debug|Any CPU
		Release|Any CPU = Release|Any CPU
	EndGlobalSection
	GlobalSection(ProjectConfigurationPlatforms) = postSolution
		{73A68140-3F50-4D49-AF17-8E9D8BFCF070}.Debug|Any CPU.ActiveCfg = Debug|Any CPU
		{73A68140-3F50-4D49-AF17-8E9D8BFCF070}.Debug|Any CPU.Build.0 = Debug|Any CPU
		{73A68140-3F50-4D49-AF17-8E9D8BFCF070}.Release|Any CPU.ActiveCfg = Release|Any CPU
		{73A68140-3F50-4D49-AF17-8E9D8BFCF070}.Release|Any CPU.Build.0 = Release|Any CPU
	EndGlobalSection
	GlobalSection(SolutionProperties) = preSolution
		HideSolutionNode = FALSE
	EndGlobalSection
	GlobalSection(ExtensibilityGlobals) = postSolution
		SolutionGuid = {3FF4F343-F99F-4668-9E85-FBA8B9CD06B0}
	EndGlobalSection
EndGlobal
